
Microsoft Visual Studio Solution File, Format Version 12.00
# Visual Studio Version 16
VisualStudioVersion = 16.0.29613.14
MinimumVisualStudioVersion = 10.0.40219.1
Project("{FAE04EC0-301F-11D3-BF4B-00C04F79EFBC}") = "SharpLocker-2.0", "SharpLocker-2.0\SharpLocker-2.0.csproj", "{03001669-84D1-413E-9EE3-73CE0F327B0D}"
EndProject
Global
	GlobalSection(SolutionConfigurationPlatforms) = preSolution
		Debug|Any CPU = Debug|Any CPU
		Release|Any CPU = Release|Any CPU
	EndGlobalSection
	GlobalSection(ProjectConfigurationPlatforms) = postSolution
		{03001669-84D1-413E-9EE3-73CE0F327B0D}.Debug|Any CPU.ActiveCfg = Debug|Any CPU
		{03001669-84D1-413E-9EE3-73CE0F327B0D}.Debug|Any CPU.Build.0 = Debug|Any CPU
		{03001669-84D1-413E-9EE3-73CE0F327B0D}.Release|Any CPU.ActiveCfg = Release|Any CPU
		{03001669-84D1-413E-9EE3-73CE0F327B0D}.Release|Any CPU.Build.0 = Release|Any CPU
	EndGlobalSection
	GlobalSection(SolutionProperties) = preSolution
		HideSolutionNode = FALSE
	EndGlobalSection
	GlobalSection(ExtensibilityGlobals) = postSolution
		SolutionGuid = {A240341E-37F1-4EE7-88F9-8AD074B03619}
	EndGlobalSection
EndGlobal
